
Microsoft Visual Studio Solution File, Format Version 12.00
# Visual Studio Version 17
VisualStudioVersion = 17.4.33122.133
MinimumVisualStudioVersion = 10.0.40219.1
Project("{FAE04EC0-301F-11D3-BF4B-00C04F79EFBC}") = "MathApp", "MathApp\MathApp.csproj", "{A36EF4E9-DA79-4514-BEC4-11BE5CE48E22}"
EndProject
Global
	GlobalSection(SolutionConfigurationPlatforms) = preSolution
		Debug|Any CPU = Debug|Any CPU
		Release|Any CPU = Release|Any CPU
	EndGlobalSection
	GlobalSection(ProjectConfigurationPlatforms) = postSolution
		{A36EF4E9-DA79-4514-BEC4-11BE5CE48E22}.Debug|Any CPU.ActiveCfg = Debug|Any CPU
		{A36EF4E9-DA79-4514-BEC4-11BE5CE48E22}.Debug|Any CPU.Build.0 = Debug|Any CPU
		{A36EF4E9-DA79-4514-BEC4-11BE5CE48E22}.Release|Any CPU.ActiveCfg = Release|Any CPU
		{A36EF4E9-DA79-4514-BEC4-11BE5CE48E22}.Release|Any CPU.Build.0 = Release|Any CPU
	EndGlobalSection
	GlobalSection(SolutionProperties) = preSolution
		HideSolutionNode = FALSE
	EndGlobalSection
	GlobalSection(ExtensibilityGlobals) = postSolution
		SolutionGuid = {7FDD6E75-4EA7-49FE-B0A5-B198F7387141}
	EndGlobalSection
EndGlobal
